{
  "markbot": "3e5d144d3e62031974c7e87149664efae534ec3fb7d4b0ff3530b95e17993bcf",
  "markbotignore": "030a4e6e1b3b6b510514a7ae54576e2c2ef762d56236c6414ef634955d96a126",
  "index.html": "47139a33c27bcfdc70b47cd5c149a8778052d678ed6041db4a1974108b89e94b",
  "index-320.png": "6bec85f4c45bd22c2338075c34a2569781a8bea9e5994c69b9e38e0bfe4f16d3",
  "index-400.png": "801929ff2300282b633c8e2853342a5ed8649419bf5d5df0155f24919fe342a2",
  "index-608.png": "2f097e5bcec74aa88b97971be6268c3b825c65b8fbb555c3a6ccd972eef74b4b",
  "index-960.png": "1a54f8d165a23a85125781f3aa84ab65afe2a5a15126cebdf4339019de86781b",
  "index-1440.png": "ddea22b5c579c6d2ac030028c37c36d3d004eb4f6ff9e9530d348e7256177650"
}