{
  "markbot": "3e5d144d3e62031974c7e87149664efae534ec3fb7d4b0ff3530b95e17993bcf",
  "markbotignore": "030a4e6e1b3b6b510514a7ae54576e2c2ef762d56236c6414ef634955d96a126",
  "index.html": "47139a33c27bcfdc70b47cd5c149a8778052d678ed6041db4a1974108b89e94b",
  "index-320.png": "a24652f577fd04096cbe46fe3b7ae4604fa2fb2f11f35b2b58429f138016a904",
  "index-400.png": "cb4da4de90ce9c219295b2f825dda34685db44bdee497797a41a8903473554d3",
  "index-608.png": "28aa2396fd2557e49d0d299d236b53566349792178b74f30cf69cd38a2fcec6c",
  "index-960.png": "b66c30abb387d57d28da1b6fce963f419d9440f3ef8e5c1d23302f7bb80b46af",
  "index-1440.png": "6832653d27dcb62a4c08ba02ff61ec7b0a43f641877949edef259f2b4081c52d"
}